// !$*UTF8*$!
{
	archiveVersion = 1;
	classes = {
	};
	objectVersion = 55;
	objects = {

/* Begin PBXBuildFile section */
		1F1E577E27ECA6080006C645 /* CustomTableViewCell.swift in Sources */ = {isa = PBXBuildFile; fileRef = 1F1E577D27ECA6080006C645 /* CustomTableViewCell.swift */; };
		1F1E578027ECACD20006C645 /* PlaceModel.swift in Sources */ = {isa = PBXBuildFile; fileRef = 1F1E577F27ECACD20006C645 /* PlaceModel.swift */; };
		1F3D1C5827FC8DE300EA5603 /* MapManager.swift in Sources */ = {isa = PBXBuildFile; fileRef = 1F3D1C5727FC8DE300EA5603 /* MapManager.swift */; };
		1F5C894C27ECC38400A6CFEC /* NewPlaceViewController.swift in Sources */ = {isa = PBXBuildFile; fileRef = 1F5C894B27ECC38400A6CFEC /* NewPlaceViewController.swift */; };
		1F7A7C1627F33E3100C99E1F /* RatingControl.swift in Sources */ = {isa = PBXBuildFile; fileRef = 1F7A7C1527F33E3100C99E1F /* RatingControl.swift */; };
		1F8A662D27F5DD37004D62D5 /* MapViewController.swift in Sources */ = {isa = PBXBuildFile; fileRef = 1F8A662C27F5DD37004D62D5 /* MapViewController.swift */; };
		1F92FA9E27EF4A1D000A4030 /* StorageManager.swift in Sources */ = {isa = PBXBuildFile; fileRef = 1F92FA9D27EF4A1D000A4030 /* StorageManager.swift */; };
		1FFA691027EB422200E81EC1 /* AppDelegate.swift in Sources */ = {isa = PBXBuildFile; fileRef = 1FFA690F27EB422200E81EC1 /* AppDelegate.swift */; };
		1FFA691227EB422200E81EC1 /* SceneDelegate.swift in Sources */ = {isa = PBXBuildFile; fileRef = 1FFA691127EB422200E81EC1 /* SceneDelegate.swift */; };
		1FFA691727EB422200E81EC1 /* Main.storyboard in Resources */ = {isa = PBXBuildFile; fileRef = 1FFA691527EB422200E81EC1 /* Main.storyboard */; };
		1FFA691927EB422400E81EC1 /* Assets.xcassets in Resources */ = {isa = PBXBuildFile; fileRef = 1FFA691827EB422400E81EC1 /* Assets.xcassets */; };
		1FFA691C27EB422400E81EC1 /* LaunchScreen.storyboard in Resources */ = {isa = PBXBuildFile; fileRef = 1FFA691A27EB422400E81EC1 /* LaunchScreen.storyboard */; };
		1FFA692427EB464000E81EC1 /* MainViewController.swift in Sources */ = {isa = PBXBuildFile; fileRef = 1FFA692327EB464000E81EC1 /* MainViewController.swift */; };
		CD03A80104CCF83AE2BBB828 /* Pods_MyPlaces.framework in Frameworks */ = {isa = PBXBuildFile; fileRef = 264EB83C61B152BE4A5B3972 /* Pods_MyPlaces.framework */; };
/* End PBXBuildFile section */

/* Begin PBXFileReference section */
		1F1E577D27ECA6080006C645 /* CustomTableViewCell.swift */ = {isa = PBXFileReference; lastKnownFileType = sourcecode.swift; path = CustomTableViewCell.swift; sourceTree = "<group>"; };
		1F1E577F27ECACD20006C645 /* PlaceModel.swift */ = {isa = PBXFileReference; lastKnownFileType = sourcecode.swift; path = PlaceModel.swift; sourceTree = "<group>"; };
		1F3D1C5727FC8DE300EA5603 /* MapManager.swift */ = {isa = PBXFileReference; lastKnownFileType = sourcecode.swift; path = MapManager.swift; sourceTree = "<group>"; };
		1F5C894B27ECC38400A6CFEC /* NewPlaceViewController.swift */ = {isa = PBXFileReference; lastKnownFileType = sourcecode.swift; path = NewPlaceViewController.swift; sourceTree = "<group>"; };
		1F7A7C1527F33E3100C99E1F /* RatingControl.swift */ = {isa = PBXFileReference; lastKnownFileType = sourcecode.swift; path = RatingControl.swift; sourceTree = "<group>"; };
		1F8A662C27F5DD37004D62D5 /* MapViewController.swift */ = {isa = PBXFileReference; lastKnownFileType = sourcecode.swift; path = MapViewController.swift; sourceTree = "<group>"; };
		1F92FA9D27EF4A1D000A4030 /* StorageManager.swift */ = {isa = PBXFileReference; lastKnownFileType = sourcecode.swift; path = StorageManager.swift; sourceTree = "<group>"; };
		1FFA690C27EB422200E81EC1 /* MyPlaces.app */ = {isa = PBXFileReference; explicitFileType = wrapper.application; includeInIndex = 0; path = MyPlaces.app; sourceTree = BUILT_PRODUCTS_DIR; };
		1FFA690F27EB422200E81EC1 /* AppDelegate.swift */ = {isa = PBXFileReference; lastKnownFileType = sourcecode.swift; path = AppDelegate.swift; sourceTree = "<group>"; };
		1FFA691127EB422200E81EC1 /* SceneDelegate.swift */ = {isa = PBXFileReference; lastKnownFileType = sourcecode.swift; path = SceneDelegate.swift; sourceTree = "<group>"; };
		1FFA691627EB422200E81EC1 /* Base */ = {isa = PBXFileReference; lastKnownFileType = file.storyboard; name = Base; path = Base.lproj/Main.storyboard; sourceTree = "<group>"; };
		1FFA691827EB422400E81EC1 /* Assets.xcassets */ = {isa = PBXFileReference; lastKnownFileType = folder.assetcatalog; path = Assets.xcassets; sourceTree = "<group>"; };
		1FFA691B27EB422400E81EC1 /* Base */ = {isa = PBXFileReference; lastKnownFileType = file.storyboard; name = Base; path = Base.lproj/LaunchScreen.storyboard; sourceTree = "<group>"; };
		1FFA691D27EB422400E81EC1 /* Info.plist */ = {isa = PBXFileReference; lastKnownFileType = text.plist.xml; path = Info.plist; sourceTree = "<group>"; };
		1FFA692327EB464000E81EC1 /* MainViewController.swift */ = {isa = PBXFileReference; lastKnownFileType = sourcecode.swift; path = MainViewController.swift; sourceTree = "<group>"; };
		264EB83C61B152BE4A5B3972 /* Pods_MyPlaces.framework */ = {isa = PBXFileReference; explicitFileType = wrapper.framework; includeInIndex = 0; path = Pods_MyPlaces.framework; sourceTree = BUILT_PRODUCTS_DIR; };
		39D204BD38123BCEF98C8862 /* Pods-MyPlaces.debug.xcconfig */ = {isa = PBXFileReference; includeInIndex = 1; lastKnownFileType = text.xcconfig; name = "Pods-MyPlaces.debug.xcconfig"; path = "Target Support Files/Pods-MyPlaces/Pods-MyPlaces.debug.xcconfig"; sourceTree = "<group>"; };
		995AE0E2790DD1AAF10DFC3D /* Pods-MyPlaces.release.xcconfig */ = {isa = PBXFileReference; includeInIndex = 1; lastKnownFileType = text.xcconfig; name = "Pods-MyPlaces.release.xcconfig"; path = "Target Support Files/Pods-MyPlaces/Pods-MyPlaces.release.xcconfig"; sourceTree = "<group>"; };
/* End PBXFileReference section */

/* Begin PBXFrameworksBuildPhase section */
		1FFA690927EB422200E81EC1 /* Frameworks */ = {
			isa = PBXFrameworksBuildPhase;
			buildActionMask = 2147483647;
			files = (
				CD03A80104CCF83AE2BBB828 /* Pods_MyPlaces.framework in Frameworks */,
			);
			runOnlyForDeploymentPostprocessing = 0;
		};
/* End PBXFrameworksBuildPhase section */

/* Begin PBXGroup section */
		073D24B77F060EB340D3D26D /* Pods */ = {
			isa = PBXGroup;
			children = (
				39D204BD38123BCEF98C8862 /* Pods-MyPlaces.debug.xcconfig */,
				995AE0E2790DD1AAF10DFC3D /* Pods-MyPlaces.release.xcconfig */,
			);
			path = Pods;
			sourceTree = "<group>";
		};
		1F3D1C5927FC995700EA5603 /* ViewControllers */ = {
			isa = PBXGroup;
			children = (
				1FFA692327EB464000E81EC1 /* MainViewController.swift */,
				1F5C894B27ECC38400A6CFEC /* NewPlaceViewController.swift */,
				1F8A662C27F5DD37004D62D5 /* MapViewController.swift */,
				1F1E577D27ECA6080006C645 /* CustomTableViewCell.swift */,
			);
			path = ViewControllers;
			sourceTree = "<group>";
		};
		1F3D1C5A27FC99AE00EA5603 /* Models */ = {
			isa = PBXGroup;
			children = (
				1F1E577F27ECACD20006C645 /* PlaceModel.swift */,
			);
			path = Models;
			sourceTree = "<group>";
		};
		1F3D1C5B27FC99D300EA5603 /* Helpers */ = {
			isa = PBXGroup;
			children = (
				1F3D1C5727FC8DE300EA5603 /* MapManager.swift */,
				1F92FA9D27EF4A1D000A4030 /* StorageManager.swift */,
				1F7A7C1527F33E3100C99E1F /* RatingControl.swift */,
			);
			path = Helpers;
			sourceTree = "<group>";
		};
		1F3D1C5C27FC9A0B00EA5603 /* Support Files */ = {
			isa = PBXGroup;
			children = (
				1FFA690F27EB422200E81EC1 /* AppDelegate.swift */,
				1FFA691127EB422200E81EC1 /* SceneDelegate.swift */,
				1FFA691827EB422400E81EC1 /* Assets.xcassets */,
			);
			path = "Support Files";
			sourceTree = "<group>";
		};
		1F3D1C5D27FC9A5300EA5603 /* IBuilder */ = {
			isa = PBXGroup;
			children = (
				1FFA691527EB422200E81EC1 /* Main.storyboard */,
				1FFA691A27EB422400E81EC1 /* LaunchScreen.storyboard */,
			);
			path = IBuilder;
			sourceTree = "<group>";
		};
		1FFA690327EB422200E81EC1 = {
			isa = PBXGroup;
			children = (
				1FFA690E27EB422200E81EC1 /* MyPlaces */,
				1FFA690D27EB422200E81EC1 /* Products */,
				073D24B77F060EB340D3D26D /* Pods */,
				A963DF97CFB31FEFDD74B7B7 /* Frameworks */,
			);
			sourceTree = "<group>";
		};
		1FFA690D27EB422200E81EC1 /* Products */ = {
			isa = PBXGroup;
			children = (
				1FFA690C27EB422200E81EC1 /* MyPlaces.app */,
			);
			name = Products;
			sourceTree = "<group>";
		};
		1FFA690E27EB422200E81EC1 /* MyPlaces */ = {
			isa = PBXGroup;
			children = (
				1FFA691D27EB422400E81EC1 /* Info.plist */,
				1F3D1C5927FC995700EA5603 /* ViewControllers */,
				1F3D1C5B27FC99D300EA5603 /* Helpers */,
				1F3D1C5A27FC99AE00EA5603 /* Models */,
				1F3D1C5C27FC9A0B00EA5603 /* Support Files */,
				1F3D1C5D27FC9A5300EA5603 /* IBuilder */,
			);
			path = MyPlaces;
			sourceTree = "<group>";
		};
		A963DF97CFB31FEFDD74B7B7 /* Frameworks */ = {
			isa = PBXGroup;
			children = (
				264EB83C61B152BE4A5B3972 /* Pods_MyPlaces.framework */,
			);
			name = Frameworks;
			sourceTree = "<group>";
		};
/* End PBXGroup section */

/* Begin PBXNativeTarget section */
		1FFA690B27EB422200E81EC1 /* MyPlaces */ = {
			isa = PBXNativeTarget;
			buildConfigurationList = 1FFA692027EB422400E81EC1 /* Build configuration list for PBXNativeTarget "MyPlaces" */;
			buildPhases = (
				943A5BA906BE2D00CD763C7B /* [CP] Check Pods Manifest.lock */,
				1FFA690827EB422200E81EC1 /* Sources */,
				1FFA690927EB422200E81EC1 /* Frameworks */,
				1FFA690A27EB422200E81EC1 /* Resources */,
				4600A9231F4246A4BD9E75EC /* [CP] Embed Pods Frameworks */,
			);
			buildRules = (
			);
			dependencies = (
			);
			name = MyPlaces;
			productName = MyPlaces;
			productReference = 1FFA690C27EB422200E81EC1 /* MyPlaces.app */;
			productType = "com.apple.product-type.application";
		};
/* End PBXNativeTarget section */

/* Begin PBXProject section */
		1FFA690427EB422200E81EC1 /* Project object */ = {
			isa = PBXProject;
			attributes = {
				BuildIndependentTargetsInParallel = 1;
				LastSwiftUpdateCheck = 1310;
				LastUpgradeCheck = 1310;
				TargetAttributes = {
					1FFA690B27EB422200E81EC1 = {
						CreatedOnToolsVersion = 13.1;
					};
				};
			};
			buildConfigurationList = 1FFA690727EB422200E81EC1 /* Build configuration list for PBXProject "MyPlaces" */;
			compatibilityVersion = "Xcode 13.0";
			developmentRegion = en;
			hasScannedForEncodings = 0;
			knownRegions = (
				en,
				Base,
			);
			mainGroup = 1FFA690327EB422200E81EC1;
			productRefGroup = 1FFA690D27EB422200E81EC1 /* Products */;
			projectDirPath = "";
			projectRoot = "";
			targets = (
				1FFA690B27EB422200E81EC1 /* MyPlaces */,
			);
		};
/* End PBXProject section */

/* Begin PBXResourcesBuildPhase section */
		1FFA690A27EB422200E81EC1 /* Resources */ = {
			isa = PBXResourcesBuildPhase;
			buildActionMask = 2147483647;
			files = (
				1FFA691C27EB422400E81EC1 /* LaunchScreen.storyboard in Resources */,
				1FFA691927EB422400E81EC1 /* Assets.xcassets in Resources */,
				1FFA691727EB422200E81EC1 /* Main.storyboard in Resources */,
			);
			runOnlyForDeploymentPostprocessing = 0;
		};
/* End PBXResourcesBuildPhase section */

/* Begin PBXShellScriptBuildPhase section */
		4600A9231F4246A4BD9E75EC /* [CP] Embed Pods Frameworks */ = {
			isa = PBXShellScriptBuildPhase;
			buildActionMask = 2147483647;
			files = (
			);
			inputFileListPaths = (
				"${PODS_ROOT}/Target Support Files/Pods-MyPlaces/Pods-MyPlaces-frameworks-${CONFIGURATION}-input-files.xcfilelist",
			);
			name = "[CP] Embed Pods Frameworks";
			outputFileListPaths = (
				"${PODS_ROOT}/Target Support Files/Pods-MyPlaces/Pods-MyPlaces-frameworks-${CONFIGURATION}-output-files.xcfilelist",
			);
			runOnlyForDeploymentPostprocessing = 0;
			shellPath = /bin/sh;
			shellScript = "\"${PODS_ROOT}/Target Support Files/Pods-MyPlaces/Pods-MyPlaces-frameworks.sh\"\n";
			showEnvVarsInLog = 0;
		};
		943A5BA906BE2D00CD763C7B /* [CP] Check Pods Manifest.lock */ = {
			isa = PBXShellScriptBuildPhase;
			buildActionMask = 2147483647;
			files = (
			);
			inputFileListPaths = (
			);
			inputPaths = (
				"${PODS_PODFILE_DIR_PATH}/Podfile.lock",
				"${PODS_ROOT}/Manifest.lock",
			);
			name = "[CP] Check Pods Manifest.lock";
			outputFileListPaths = (
			);
			outputPaths = (
				"$(DERIVED_FILE_DIR)/Pods-MyPlaces-checkManifestLockResult.txt",
			);
			runOnlyForDeploymentPostprocessing = 0;
			shellPath = /bin/sh;
			shellScript = "diff \"${PODS_PODFILE_DIR_PATH}/Podfile.lock\" \"${PODS_ROOT}/Manifest.lock\" > /dev/null\nif [ $? != 0 ] ; then\n    # print error to STDERR\n    echo \"error: The sandbox is not in sync with the Podfile.lock. Run 'pod install' or update your CocoaPods installation.\" >&2\n    exit 1\nfi\n# This output is used by Xcode 'outputs' to avoid re-running this script phase.\necho \"SUCCESS\" > \"${SCRIPT_OUTPUT_FILE_0}\"\n";
			showEnvVarsInLog = 0;
		};
/* End PBXShellScriptBuildPhase section */

/* Begin PBXSourcesBuildPhase section */
		1FFA690827EB422200E81EC1 /* Sources */ = {
			isa = PBXSourcesBuildPhase;
			buildActionMask = 2147483647;
			files = (
				1FFA692427EB464000E81EC1 /* MainViewController.swift in Sources */,
				1F5C894C27ECC38400A6CFEC /* NewPlaceViewController.swift in Sources */,
				1FFA691027EB422200E81EC1 /* AppDelegate.swift in Sources */,
				1F92FA9E27EF4A1D000A4030 /* StorageManager.swift in Sources */,
				1F8A662D27F5DD37004D62D5 /* MapViewController.swift in Sources */,
				1F7A7C1627F33E3100C99E1F /* RatingControl.swift in Sources */,
				1F3D1C5827FC8DE300EA5603 /* MapManager.swift in Sources */,
				1F1E578027ECACD20006C645 /* PlaceModel.swift in Sources */,
				1F1E577E27ECA6080006C645 /* CustomTableViewCell.swift in Sources */,
				1FFA691227EB422200E81EC1 /* SceneDelegate.swift in Sources */,
			);
			runOnlyForDeploymentPostprocessing = 0;
		};
/* End PBXSourcesBuildPhase section */

/* Begin PBXVariantGroup section */
		1FFA691527EB422200E81EC1 /* Main.storyboard */ = {
			isa = PBXVariantGroup;
			children = (
				1FFA691627EB422200E81EC1 /* Base */,
			);
			name = Main.storyboard;
			sourceTree = "<group>";
		};
		1FFA691A27EB422400E81EC1 /* LaunchScreen.storyboard */ = {
			isa = PBXVariantGroup;
			children = (
				1FFA691B27EB422400E81EC1 /* Base */,
			);
			name = LaunchScreen.storyboard;
			sourceTree = "<group>";
		};
/* End PBXVariantGroup section */

/* Begin XCBuildConfiguration section */
		1FFA691E27EB422400E81EC1 /* Debug */ = {
			isa = XCBuildConfiguration;
			buildSettings = {
				ALWAYS_SEARCH_USER_PATHS = NO;
				CLANG_ANALYZER_NONNULL = YES;
				CLANG_ANALYZER_NUMBER_OBJECT_CONVERSION = YES_AGGRESSIVE;
				CLANG_CXX_LANGUAGE_STANDARD = "gnu++17";
				CLANG_CXX_LIBRARY = "libc++";
				CLANG_ENABLE_MODULES = YES;
				CLANG_ENABLE_OBJC_ARC = YES;
				CLANG_ENABLE_OBJC_WEAK = YES;
				CLANG_WARN_BLOCK_CAPTURE_AUTORELEASING = YES;
				CLANG_WARN_BOOL_CONVERSION = YES;
				CLANG_WARN_COMMA = YES;
				CLANG_WARN_CONSTANT_CONVERSION = YES;
				CLANG_WARN_DEPRECATED_OBJC_IMPLEMENTATIONS = YES;
				CLANG_WARN_DIRECT_OBJC_ISA_USAGE = YES_ERROR;
				CLANG_WARN_DOCUMENTATION_COMMENTS = YES;
				CLANG_WARN_EMPTY_BODY = YES;
				CLANG_WARN_ENUM_CONVERSION = YES;
				CLANG_WARN_INFINITE_RECURSION = YES;
				CLANG_WARN_INT_CONVERSION = YES;
				CLANG_WARN_NON_LITERAL_NULL_CONVERSION = YES;
				CLANG_WARN_OBJC_IMPLICIT_RETAIN_SELF = YES;
				CLANG_WARN_OBJC_LITERAL_CONVERSION = YES;
				CLANG_WARN_OBJC_ROOT_CLASS = YES_ERROR;
				CLANG_WARN_QUOTED_INCLUDE_IN_FRAMEWORK_HEADER = YES;
				CLANG_WARN_RANGE_LOOP_ANALYSIS = YES;
				CLANG_WARN_STRICT_PROTOTYPES = YES;
				CLANG_WARN_SUSPICIOUS_MOVE = YES;
				CLANG_WARN_UNGUARDED_AVAILABILITY = YES_AGGRESSIVE;
				CLANG_WARN_UNREACHABLE_CODE = YES;
				CLANG_WARN__DUPLICATE_METHOD_MATCH = YES;
				COPY_PHASE_STRIP = NO;
				DEBUG_INFORMATION_FORMAT = dwarf;
				ENABLE_STRICT_OBJC_MSGSEND = YES;
				ENABLE_TESTABILITY = YES;
				GCC_C_LANGUAGE_STANDARD = gnu11;
				GCC_DYNAMIC_NO_PIC = NO;
				GCC_NO_COMMON_BLOCKS = YES;
				GCC_OPTIMIZATION_LEVEL = 0;
				GCC_PREPROCESSOR_DEFINITIONS = (
					"DEBUG=1",
					"$(inherited)",
				);
				GCC_WARN_64_TO_32_BIT_CONVERSION = YES;
				GCC_WARN_ABOUT_RETURN_TYPE = YES_ERROR;
				GCC_WARN_UNDECLARED_SELECTOR = YES;
				GCC_WARN_UNINITIALIZED_AUTOS = YES_AGGRESSIVE;
				GCC_WARN_UNUSED_FUNCTION = YES;
				GCC_WARN_UNUSED_VARIABLE = YES;
				IPHONEOS_DEPLOYMENT_TARGET = 14.0;
				MTL_ENABLE_DEBUG_INFO = INCLUDE_SOURCE;
				MTL_FAST_MATH = YES;
				ONLY_ACTIVE_ARCH = YES;
				SDKROOT = iphoneos;
				SWIFT_ACTIVE_COMPILATION_CONDITIONS = DEBUG;
				SWIFT_OPTIMIZATION_LEVEL = "-Onone";
			};
			name = Debug;
		};
		1FFA691F27EB422400E81EC1 /* Release */ = {
			isa = XCBuildConfiguration;
			buildSettings = {
				ALWAYS_SEARCH_USER_PATHS = NO;
				CLANG_ANALYZER_NONNULL = YES;
				CLANG_ANALYZER_NUMBER_OBJECT_CONVERSION = YES_AGGRESSIVE;
				CLANG_CXX_LANGUAGE_STANDARD = "gnu++17";
				CLANG_CXX_LIBRARY = "libc++";
				CLANG_ENABLE_MODULES = YES;
				CLANG_ENABLE_OBJC_ARC = YES;
				CLANG_ENABLE_OBJC_WEAK = YES;
				CLANG_WARN_BLOCK_CAPTURE_AUTORELEASING = YES;
				CLANG_WARN_BOOL_CONVERSION = YES;
				CLANG_WARN_COMMA = YES;
				CLANG_WARN_CONSTANT_CONVERSION = YES;
				CLANG_WARN_DEPRECATED_OBJC_IMPLEMENTATIONS = YES;
				CLANG_WARN_DIRECT_OBJC_ISA_USAGE = YES_ERROR;
				CLANG_WARN_DOCUMENTATION_COMMENTS = YES;
				CLANG_WARN_EMPTY_BODY = YES;
				CLANG_WARN_ENUM_CONVERSION = YES;
				CLANG_WARN_INFINITE_RECURSION = YES;
				CLANG_WARN_INT_CONVERSION = YES;
				CLANG_WARN_NON_LITERAL_NULL_CONVERSION = YES;
				CLANG_WARN_OBJC_IMPLICIT_RETAIN_SELF = YES;
				CLANG_WARN_OBJC_LITERAL_CONVERSION = YES;
				CLANG_WARN_OBJC_ROOT_CLASS = YES_ERROR;
				CLANG_WARN_QUOTED_INCLUDE_IN_FRAMEWORK_HEADER = YES;
				CLANG_WARN_RANGE_LOOP_ANALYSIS = YES;
				CLANG_WARN_STRICT_PROTOTYPES = YES;
				CLANG_WARN_SUSPICIOUS_MOVE = YES;
				CLANG_WARN_UNGUARDED_AVAILABILITY = YES_AGGRESSIVE;
				CLANG_WARN_UNREACHABLE_CODE = YES;
				CLANG_WARN__DUPLICATE_METHOD_MATCH = YES;
				COPY_PHASE_STRIP = NO;
				DEBUG_INFORMATION_FORMAT = "dwarf-with-dsym";
				ENABLE_NS_ASSERTIONS = NO;
				ENABLE_STRICT_OBJC_MSGSEND = YES;
				GCC_C_LANGUAGE_STANDARD = gnu11;
				GCC_NO_COMMON_BLOCKS = YES;
				GCC_WARN_64_TO_32_BIT_CONVERSION = YES;
				GCC_WARN_ABOUT_RETURN_TYPE = YES_ERROR;
				GCC_WARN_UNDECLARED_SELECTOR = YES;
				GCC_WARN_UNINITIALIZED_AUTOS = YES_AGGRESSIVE;
				GCC_WARN_UNUSED_FUNCTION = YES;
				GCC_WARN_UNUSED_VARIABLE = YES;
				IPHONEOS_DEPLOYMENT_TARGET = 14.0;
				MTL_ENABLE_DEBUG_INFO = NO;
				MTL_FAST_MATH = YES;
				SDKROOT = iphoneos;
				SWIFT_COMPILATION_MODE = wholemodule;
				SWIFT_OPTIMIZATION_LEVEL = "-O";
				VALIDATE_PRODUCT = YES;
			};
			name = Release;
		};
		1FFA692127EB422400E81EC1 /* Debug */ = {
			isa = XCBuildConfiguration;
			baseConfigurationReference = 39D204BD38123BCEF98C8862 /* Pods-MyPlaces.debug.xcconfig */;
			buildSettings = {
				ASSETCATALOG_COMPILER_APPICON_NAME = AppIcon;
				ASSETCATALOG_COMPILER_GLOBAL_ACCENT_COLOR_NAME = AccentColor;
				CODE_SIGN_STYLE = Automatic;
				CURRENT_PROJECT_VERSION = 1;
				DEVELOPMENT_TEAM = 2D98858FQA;
				GENERATE_INFOPLIST_FILE = YES;
				INFOPLIST_FILE = MyPlaces/Info.plist;
				INFOPLIST_KEY_NSCameraUsageDescription = "MyPlaces photo use";
				INFOPLIST_KEY_NSLocationWhenInUseUsageDescription = "For dirictions to your favarite place";
				INFOPLIST_KEY_UIApplicationSupportsIndirectInputEvents = YES;
				INFOPLIST_KEY_UILaunchStoryboardName = LaunchScreen;
				INFOPLIST_KEY_UIMainStoryboardFile = Main;
				INFOPLIST_KEY_UISupportedInterfaceOrientations_iPad = "UIInterfaceOrientationPortrait UIInterfaceOrientationPortraitUpsideDown UIInterfaceOrientationLandscapeLeft UIInterfaceOrientationLandscapeRight";
				INFOPLIST_KEY_UISupportedInterfaceOrientations_iPhone = "UIInterfaceOrientationPortrait UIInterfaceOrientationLandscapeLeft UIInterfaceOrientationLandscapeRight";
				IPHONEOS_DEPLOYMENT_TARGET = 14.0;
				LD_RUNPATH_SEARCH_PATHS = (
					"$(inherited)",
					"@executable_path/Frameworks",
				);
				MARKETING_VERSION = 1.0;
				PRODUCT_BUNDLE_IDENTIFIER = ua.OleksandrKhalypa.MyPlaces;
				PRODUCT_NAME = "$(TARGET_NAME)";
				SWIFT_EMIT_LOC_STRINGS = YES;
				SWIFT_VERSION = 5.0;
				TARGETED_DEVICE_FAMILY = "1,2";
			};
			name = Debug;
		};
		1FFA692227EB422400E81EC1 /* Release */ = {
			isa = XCBuildConfiguration;
			baseConfigurationReference = 995AE0E2790DD1AAF10DFC3D /* Pods-MyPlaces.release.xcconfig */;
			buildSettings = {
				ASSETCATALOG_COMPILER_APPICON_NAME = AppIcon;
				ASSETCATALOG_COMPILER_GLOBAL_ACCENT_COLOR_NAME = AccentColor;
				CODE_SIGN_STYLE = Automatic;
				CURRENT_PROJECT_VERSION = 1;
				DEVELOPMENT_TEAM = 2D98858FQA;
				GENERATE_INFOPLIST_FILE = YES;
				INFOPLIST_FILE = MyPlaces/Info.plist;
				INFOPLIST_KEY_NSCameraUsageDescription = "MyPlaces photo use";
				INFOPLIST_KEY_NSLocationWhenInUseUsageDescription = "For dirictions to your favarite place";
				INFOPLIST_KEY_UIApplicationSupportsIndirectInputEvents = YES;
				INFOPLIST_KEY_UILaunchStoryboardName = LaunchScreen;
				INFOPLIST_KEY_UIMainStoryboardFile = Main;
				INFOPLIST_KEY_UISupportedInterfaceOrientations_iPad = "UIInterfaceOrientationPortrait UIInterfaceOrientationPortraitUpsideDown UIInterfaceOrientationLandscapeLeft UIInterfaceOrientationLandscapeRight";
				INFOPLIST_KEY_UISupportedInterfaceOrientations_iPhone = "UIInterfaceOrientationPortrait UIInterfaceOrientationLandscapeLeft UIInterfaceOrientationLandscapeRight";
				IPHONEOS_DEPLOYMENT_TARGET = 14.0;
				LD_RUNPATH_SEARCH_PATHS = (
					"$(inherited)",
					"@executable_path/Frameworks",
				);
				MARKETING_VERSION = 1.0;
				PRODUCT_BUNDLE_IDENTIFIER = ua.OleksandrKhalypa.MyPlaces;
				PRODUCT_NAME = "$(TARGET_NAME)";
				SWIFT_EMIT_LOC_STRINGS = YES;
				SWIFT_VERSION = 5.0;
				TARGETED_DEVICE_FAMILY = "1,2";
			};
			name = Release;
		};
/* End XCBuildConfiguration section */

/* Begin XCConfigurationList section */
		1FFA690727EB422200E81EC1 /* Build configuration list for PBXProject "MyPlaces" */ = {
			isa = XCConfigurationList;
			buildConfigurations = (
				1FFA691E27EB422400E81EC1 /* Debug */,
				1FFA691F27EB422400E81EC1 /* Release */,
			);
			defaultConfigurationIsVisible = 0;
			defaultConfigurationName = Release;
		};
		1FFA692027EB422400E81EC1 /* Build configuration list for PBXNativeTarget "MyPlaces" */ = {
			isa = XCConfigurationList;
			buildConfigurations = (
				1FFA692127EB422400E81EC1 /* Debug */,
				1FFA692227EB422400E81EC1 /* Release */,
			);
			defaultConfigurationIsVisible = 0;
			defaultConfigurationName = Release;
		};
/* End XCConfigurationList section */
	};
	rootObject = 1FFA690427EB422200E81EC1 /* Project object */;
}
